
Microsoft Visual Studio Solution File, Format Version 12.00
# Visual Studio 2013
VisualStudioVersion = 12.0.40629.0
MinimumVisualStudioVersion = 10.0.40219.1
Project("{8BC9CEB8-8B4A-11D0-8D11-00A0C91BC942}") = "1", "1\1.vcxproj", "{CB240EB8-F2B6-4335-89B3-26BC1F1D3939}"
EndProject
Project("{8BC9CEB8-8B4A-11D0-8D11-00A0C91BC942}") = "Caeser", "Caeser\Caeser.vcxproj", "{A735C3E1-9A6F-4AE3-8409-8DB090A463B7}"
EndProject
Project("{8BC9CEB8-8B4A-11D0-8D11-00A0C91BC942}") = "hw", "hw\hw.vcxproj", "{E8864417-57B3-4B26-8C74-0E3B31595DFA}"
EndProject
Global
	GlobalSection(SolutionConfigurationPlatforms) = preSolution
		Debug|Win32 = Debug|Win32
		Release|Win32 = Release|Win32
	EndGlobalSection
	GlobalSection(ProjectConfigurationPlatforms) = postSolution
		{CB240EB8-F2B6-4335-89B3-26BC1F1D3939}.Debug|Win32.ActiveCfg = Debug|Win32
		{CB240EB8-F2B6-4335-89B3-26BC1F1D3939}.Debug|Win32.Build.0 = Debug|Win32
		{CB240EB8-F2B6-4335-89B3-26BC1F1D3939}.Release|Win32.ActiveCfg = Release|Win32
		{CB240EB8-F2B6-4335-89B3-26BC1F1D3939}.Release|Win32.Build.0 = Release|Win32
		{A735C3E1-9A6F-4AE3-8409-8DB090A463B7}.Debug|Win32.ActiveCfg = Debug|Win32
		{A735C3E1-9A6F-4AE3-8409-8DB090A463B7}.Debug|Win32.Build.0 = Debug|Win32
		{A735C3E1-9A6F-4AE3-8409-8DB090A463B7}.Release|Win32.ActiveCfg = Release|Win32
		{A735C3E1-9A6F-4AE3-8409-8DB090A463B7}.Release|Win32.Build.0 = Release|Win32
		{E8864417-57B3-4B26-8C74-0E3B31595DFA}.Debug|Win32.ActiveCfg = Debug|Win32
		{E8864417-57B3-4B26-8C74-0E3B31595DFA}.Debug|Win32.Build.0 = Debug|Win32
		{E8864417-57B3-4B26-8C74-0E3B31595DFA}.Release|Win32.ActiveCfg = Release|Win32
		{E8864417-57B3-4B26-8C74-0E3B31595DFA}.Release|Win32.Build.0 = Release|Win32
	EndGlobalSection
	GlobalSection(SolutionProperties) = preSolution
		HideSolutionNode = FALSE
	EndGlobalSection
EndGlobal
